
Microsoft Visual Studio Solution File, Format Version 12.00
Project("{FAE04EC0-301F-11D3-BF4B-00C04F79EFBC}") = "MusicProcessor.Application", "MusicProcessor.Application\MusicProcessor.Application.csproj", "{1D63B460-3E15-4C9A-9ED2-0B0D8CB087FD}"
EndProject
Project("{FAE04EC0-301F-11D3-BF4B-00C04F79EFBC}") = "MusicProcessor.Infrastructure", "MusicProcessor.Infrastructure\MusicProcessor.Infrastructure.csproj", "{75E56A64-3F80-4249-813E-7C1A7F8126FD}"
EndProject
Project("{FAE04EC0-301F-11D3-BF4B-00C04F79EFBC}") = "MusicProcessor.CLI", "MusicProcessor.CLI\MusicProcessor.CLI.csproj", "{DAF9B4E3-F01D-4282-BDE0-F3AF436E4689}"
EndProject
Project("{FAE04EC0-301F-11D3-BF4B-00C04F79EFBC}") = "MusicProcessor.Domain", "MusicProcessor.Domain\MusicProcessor.Domain.csproj", "{891256FC-B77C-4C79-AFA9-4D49A8ADF857}"
EndProject
Global
	GlobalSection(SolutionConfigurationPlatforms) = preSolution
		Debug|Any CPU = Debug|Any CPU
		Release|Any CPU = Release|Any CPU
	EndGlobalSection
	GlobalSection(ProjectConfigurationPlatforms) = postSolution
		{1D63B460-3E15-4C9A-9ED2-0B0D8CB087FD}.Debug|Any CPU.ActiveCfg = Debug|Any CPU
		{1D63B460-3E15-4C9A-9ED2-0B0D8CB087FD}.Debug|Any CPU.Build.0 = Debug|Any CPU
		{1D63B460-3E15-4C9A-9ED2-0B0D8CB087FD}.Release|Any CPU.ActiveCfg = Release|Any CPU
		{1D63B460-3E15-4C9A-9ED2-0B0D8CB087FD}.Release|Any CPU.Build.0 = Release|Any CPU
		{75E56A64-3F80-4249-813E-7C1A7F8126FD}.Debug|Any CPU.ActiveCfg = Debug|Any CPU
		{75E56A64-3F80-4249-813E-7C1A7F8126FD}.Debug|Any CPU.Build.0 = Debug|Any CPU
		{75E56A64-3F80-4249-813E-7C1A7F8126FD}.Release|Any CPU.ActiveCfg = Release|Any CPU
		{75E56A64-3F80-4249-813E-7C1A7F8126FD}.Release|Any CPU.Build.0 = Release|Any CPU
		{DAF9B4E3-F01D-4282-BDE0-F3AF436E4689}.Debug|Any CPU.ActiveCfg = Debug|Any CPU
		{DAF9B4E3-F01D-4282-BDE0-F3AF436E4689}.Debug|Any CPU.Build.0 = Debug|Any CPU
		{DAF9B4E3-F01D-4282-BDE0-F3AF436E4689}.Release|Any CPU.ActiveCfg = Release|Any CPU
		{DAF9B4E3-F01D-4282-BDE0-F3AF436E4689}.Release|Any CPU.Build.0 = Release|Any CPU
		{891256FC-B77C-4C79-AFA9-4D49A8ADF857}.Debug|Any CPU.ActiveCfg = Debug|Any CPU
		{891256FC-B77C-4C79-AFA9-4D49A8ADF857}.Debug|Any CPU.Build.0 = Debug|Any CPU
		{891256FC-B77C-4C79-AFA9-4D49A8ADF857}.Release|Any CPU.ActiveCfg = Release|Any CPU
		{891256FC-B77C-4C79-AFA9-4D49A8ADF857}.Release|Any CPU.Build.0 = Release|Any CPU
	EndGlobalSection
EndGlobal
